
Microsoft Visual Studio Solution File, Format Version 12.00
# Visual Studio Version 16
VisualStudioVersion = 16.0.30907.101
MinimumVisualStudioVersion = 10.0.40219.1
Project("{FAE04EC0-301F-11D3-BF4B-00C04F79EFBC}") = "TaskTracker", "TaskTracker\TaskTracker.csproj", "{9258D172-2E69-4C6C-B7C6-E3E06F8AB0BD}"
EndProject
Project("{FAE04EC0-301F-11D3-BF4B-00C04F79EFBC}") = "TaskTracker.Tests", "TaskTracker.Tests\TaskTracker.Tests.csproj", "{0D357C19-40F2-4FCA-BC4E-61013832B393}"
EndProject
Global
	GlobalSection(SolutionConfigurationPlatforms) = preSolution
		Debug|Any CPU = Debug|Any CPU
		Release|Any CPU = Release|Any CPU
	EndGlobalSection
	GlobalSection(ProjectConfigurationPlatforms) = postSolution
		{9258D172-2E69-4C6C-B7C6-E3E06F8AB0BD}.Debug|Any CPU.ActiveCfg = Debug|Any CPU
		{9258D172-2E69-4C6C-B7C6-E3E06F8AB0BD}.Debug|Any CPU.Build.0 = Debug|Any CPU
		{9258D172-2E69-4C6C-B7C6-E3E06F8AB0BD}.Release|Any CPU.ActiveCfg = Release|Any CPU
		{9258D172-2E69-4C6C-B7C6-E3E06F8AB0BD}.Release|Any CPU.Build.0 = Release|Any CPU
		{0D357C19-40F2-4FCA-BC4E-61013832B393}.Debug|Any CPU.ActiveCfg = Debug|Any CPU
		{0D357C19-40F2-4FCA-BC4E-61013832B393}.Debug|Any CPU.Build.0 = Debug|Any CPU
		{0D357C19-40F2-4FCA-BC4E-61013832B393}.Release|Any CPU.ActiveCfg = Release|Any CPU
		{0D357C19-40F2-4FCA-BC4E-61013832B393}.Release|Any CPU.Build.0 = Release|Any CPU
	EndGlobalSection
	GlobalSection(SolutionProperties) = preSolution
		HideSolutionNode = FALSE
	EndGlobalSection
	GlobalSection(ExtensibilityGlobals) = postSolution
		SolutionGuid = {C9F6EAEE-3B45-4846-ADE9-94512FFEC437}
	EndGlobalSection
EndGlobal
